# THIS IS AN AUTOGENERATED FILE. DO NOT EDIT THIS FILE DIRECTLY.
# yarn lockfile v1


markdown-it-checkbox@^1.1.0:
  version "1.1.0"
  resolved "https://registry.yarnpkg.com/markdown-it-checkbox/-/markdown-it-checkbox-1.1.0.tgz#20cff97f33d77d172f9dcf1bcfc92cecc5330fac"
  integrity sha1-IM/5fzPXfRcvnc8bz8ks7MUzD6w=
  dependencies:
    underscore "^1.8.2"

markdown-it-task-checkbox@^1.0.6:
  version "1.0.6"
  resolved "https://registry.yarnpkg.com/markdown-it-task-checkbox/-/markdown-it-task-checkbox-1.0.6.tgz#9ebd7b6382e99162264605bc580f2ac118be4242"
  integrity sha512-7pxkHuvqTOu3iwVGmDPeYjQg+AIS9VQxzyLP9JCg9lBjgPAJXGEkChK6A2iFuj3tS0GV3HG2u5AMNhcQqwxpJw==

markdown-it-task-list@^0.1.2:
  version "0.1.2"
  resolved "https://registry.yarnpkg.com/markdown-it-task-list/-/markdown-it-task-list-0.1.2.tgz#226cc00bfed82cc635c8feecd39eecba6accafcc"
  integrity sha1-ImzAC/7YLMY1yP7s057sumrMr8w=

markdown-it-task-lists@^2.1.1:
  version "2.1.1"
  resolved "https://registry.yarnpkg.com/markdown-it-task-lists/-/markdown-it-task-lists-2.1.1.tgz#f68f4d2ac2bad5a2c373ba93081a1a6848417088"
  integrity sha512-TxFAc76Jnhb2OUu+n3yz9RMu4CwGfaT788br6HhEDlvWfdeJcLUsxk1Hgw2yJio0OXsxv7pyIPmvECY7bMbluA==

underscore@^1.8.2:
  version "1.13.3"
  resolved "https://registry.yarnpkg.com/underscore/-/underscore-1.13.3.tgz#54bc95f7648c5557897e5e968d0f76bc062c34ee"
  integrity sha512-QvjkYpiD+dJJraRA8+dGAU4i7aBbb2s0S3jA45TFOvg2VgqvdCDd/3N6CqA8gluk1W91GLoXg5enMUx560QzuA==
